
Microsoft Visual Studio Solution File, Format Version 12.00
# Visual Studio Version 16
VisualStudioVersion = 16.0.31105.61
MinimumVisualStudioVersion = 10.0.40219.1
Project("{FAE04EC0-301F-11D3-BF4B-00C04F79EFBC}") = "WordleSolverAPI", "WordleSolverAPI\WordleSolverAPI.csproj", "{BCE2D896-D179-44B5-889B-D139AC4CA7B8}"
EndProject
Project("{FAE04EC0-301F-11D3-BF4B-00C04F79EFBC}") = "WordleSolverAPI.Logic", "WordleSolverAPI.Logic\WordleSolverAPI.Logic.csproj", "{5786244D-9891-4132-A9E0-878613690318}"
EndProject
Global
	GlobalSection(SolutionConfigurationPlatforms) = preSolution
		Debug|Any CPU = Debug|Any CPU
		Release|Any CPU = Release|Any CPU
	EndGlobalSection
	GlobalSection(ProjectConfigurationPlatforms) = postSolution
		{BCE2D896-D179-44B5-889B-D139AC4CA7B8}.Debug|Any CPU.ActiveCfg = Debug|Any CPU
		{BCE2D896-D179-44B5-889B-D139AC4CA7B8}.Debug|Any CPU.Build.0 = Debug|Any CPU
		{BCE2D896-D179-44B5-889B-D139AC4CA7B8}.Release|Any CPU.ActiveCfg = Release|Any CPU
		{BCE2D896-D179-44B5-889B-D139AC4CA7B8}.Release|Any CPU.Build.0 = Release|Any CPU
		{5786244D-9891-4132-A9E0-878613690318}.Debug|Any CPU.ActiveCfg = Debug|Any CPU
		{5786244D-9891-4132-A9E0-878613690318}.Debug|Any CPU.Build.0 = Debug|Any CPU
		{5786244D-9891-4132-A9E0-878613690318}.Release|Any CPU.ActiveCfg = Release|Any CPU
		{5786244D-9891-4132-A9E0-878613690318}.Release|Any CPU.Build.0 = Release|Any CPU
	EndGlobalSection
	GlobalSection(SolutionProperties) = preSolution
		HideSolutionNode = FALSE
	EndGlobalSection
	GlobalSection(ExtensibilityGlobals) = postSolution
		SolutionGuid = {0110279C-84ED-4180-8BD2-BEF9D9C6C081}
	EndGlobalSection
EndGlobal
